
Microsoft Visual Studio Solution File, Format Version 12.00
# Visual Studio 2013
VisualStudioVersion = 12.0.31101.0
MinimumVisualStudioVersion = 10.0.40219.1
Project("{FAE04EC0-301F-11D3-BF4B-00C04F79EFBC}") = "YLADRT.WindowsPhone", "YLADRT.WP8\YLADRT.WindowsPhone.csproj", "{E603C004-79FD-4491-A499-1B8FDAFDDC55}"
EndProject
Project("{2150E333-8FDC-42A3-9474-1A3956D46DE8}") = ".nuget", ".nuget", "{1C5CBCF9-30F7-478A-AEE6-D0B6F1B73D1F}"
	ProjectSection(SolutionItems) = preProject
		.nuget\NuGet.Config = .nuget\NuGet.Config
		.nuget\NuGet.exe = .nuget\NuGet.exe
		.nuget\NuGet.targets = .nuget\NuGet.targets
	EndProjectSection
EndProject
Project("{FAE04EC0-301F-11D3-BF4B-00C04F79EFBC}") = "YLADRT.Windows", "YLADRT.Windows\YLADRT.Windows.csproj", "{8FD1634B-3FD9-485A-80AC-FA51BC4645E0}"
EndProject
Project("{2150E333-8FDC-42A3-9474-1A3956D46DE8}") = "Projects", "Projects", "{37625EC0-473F-425B-8C66-A5206BEFA7D5}"
EndProject
Project("{2150E333-8FDC-42A3-9474-1A3956D46DE8}") = "YLADRT.App", "YLADRT.App", "{BBC9BA6C-A6D4-4528-9F40-5C5678974401}"
EndProject
Project("{D954291E-2A0B-460D-934E-DC6B0785DB48}") = "YLADRT.App.Shared", "YLADRT.App\YLADRT.App.Shared\YLADRT.App.Shared.shproj", "{548A1B75-0059-4950-BA9C-ABD8A939A3FA}"
EndProject
Project("{FAE04EC0-301F-11D3-BF4B-00C04F79EFBC}") = "YLADRT.App.Windows", "YLADRT.App\YLADRT.App.Windows\YLADRT.App.Windows.csproj", "{8B7D016A-4EF9-423B-8861-55A4EAB3AC3F}"
EndProject
Project("{FAE04EC0-301F-11D3-BF4B-00C04F79EFBC}") = "YLADRT.App.WindowsPhone", "YLADRT.App\YLADRT.App.WindowsPhone\YLADRT.App.WindowsPhone.csproj", "{816E6DFC-B984-4CC6-A7F6-928E0090A19F}"
EndProject
Project("{FAE04EC0-301F-11D3-BF4B-00C04F79EFBC}") = "YLADRT.Core", "YLADRT.Core\YLADRT.Core.csproj", "{E6F9BE27-89E9-4FEB-9C76-6FD282B18FC6}"
EndProject
Global
	GlobalSection(SharedMSBuildProjectFiles) = preSolution
		YLADRT.App\YLADRT.App.Shared\YLADRT.App.Shared.projitems*{8b7d016a-4ef9-423b-8861-55a4eab3ac3f}*SharedItemsImports = 4
		YLADRT.App\YLADRT.App.Shared\YLADRT.App.Shared.projitems*{816e6dfc-b984-4cc6-a7f6-928e0090a19f}*SharedItemsImports = 4
		YLADRT.App\YLADRT.App.Shared\YLADRT.App.Shared.projitems*{548a1b75-0059-4950-ba9c-abd8a939a3fa}*SharedItemsImports = 13
	EndGlobalSection
	GlobalSection(SolutionConfigurationPlatforms) = preSolution
		Debug|Any CPU = Debug|Any CPU
		Debug|ARM = Debug|ARM
		Debug|x64 = Debug|x64
		Debug|x86 = Debug|x86
		Release|Any CPU = Release|Any CPU
		Release|ARM = Release|ARM
		Release|x64 = Release|x64
		Release|x86 = Release|x86
	EndGlobalSection
	GlobalSection(ProjectConfigurationPlatforms) = postSolution
		{E603C004-79FD-4491-A499-1B8FDAFDDC55}.Debug|Any CPU.ActiveCfg = Debug|Any CPU
		{E603C004-79FD-4491-A499-1B8FDAFDDC55}.Debug|Any CPU.Build.0 = Debug|Any CPU
		{E603C004-79FD-4491-A499-1B8FDAFDDC55}.Debug|ARM.ActiveCfg = Debug|ARM
		{E603C004-79FD-4491-A499-1B8FDAFDDC55}.Debug|ARM.Build.0 = Debug|ARM
		{E603C004-79FD-4491-A499-1B8FDAFDDC55}.Debug|x64.ActiveCfg = Debug|Any CPU
		{E603C004-79FD-4491-A499-1B8FDAFDDC55}.Debug|x86.ActiveCfg = Debug|x86
		{E603C004-79FD-4491-A499-1B8FDAFDDC55}.Debug|x86.Build.0 = Debug|x86
		{E603C004-79FD-4491-A499-1B8FDAFDDC55}.Release|Any CPU.ActiveCfg = Release|Any CPU
		{E603C004-79FD-4491-A499-1B8FDAFDDC55}.Release|Any CPU.Build.0 = Release|Any CPU
		{E603C004-79FD-4491-A499-1B8FDAFDDC55}.Release|ARM.ActiveCfg = Release|ARM
		{E603C004-79FD-4491-A499-1B8FDAFDDC55}.Release|ARM.Build.0 = Release|ARM
		{E603C004-79FD-4491-A499-1B8FDAFDDC55}.Release|x64.ActiveCfg = Release|Any CPU
		{E603C004-79FD-4491-A499-1B8FDAFDDC55}.Release|x86.ActiveCfg = Release|x86
		{E603C004-79FD-4491-A499-1B8FDAFDDC55}.Release|x86.Build.0 = Release|x86
		{8FD1634B-3FD9-485A-80AC-FA51BC4645E0}.Debug|Any CPU.ActiveCfg = Debug|Any CPU
		{8FD1634B-3FD9-485A-80AC-FA51BC4645E0}.Debug|Any CPU.Build.0 = Debug|Any CPU
		{8FD1634B-3FD9-485A-80AC-FA51BC4645E0}.Debug|ARM.ActiveCfg = Debug|ARM
		{8FD1634B-3FD9-485A-80AC-FA51BC4645E0}.Debug|ARM.Build.0 = Debug|ARM
		{8FD1634B-3FD9-485A-80AC-FA51BC4645E0}.Debug|x64.ActiveCfg = Debug|x64
		{8FD1634B-3FD9-485A-80AC-FA51BC4645E0}.Debug|x64.Build.0 = Debug|x64
		{8FD1634B-3FD9-485A-80AC-FA51BC4645E0}.Debug|x86.ActiveCfg = Debug|x86
		{8FD1634B-3FD9-485A-80AC-FA51BC4645E0}.Debug|x86.Build.0 = Debug|x86
		{8FD1634B-3FD9-485A-80AC-FA51BC4645E0}.Release|Any CPU.ActiveCfg = Release|Any CPU
		{8FD1634B-3FD9-485A-80AC-FA51BC4645E0}.Release|Any CPU.Build.0 = Release|Any CPU
		{8FD1634B-3FD9-485A-80AC-FA51BC4645E0}.Release|ARM.ActiveCfg = Release|ARM
		{8FD1634B-3FD9-485A-80AC-FA51BC4645E0}.Release|ARM.Build.0 = Release|ARM
		{8FD1634B-3FD9-485A-80AC-FA51BC4645E0}.Release|x64.ActiveCfg = Release|x64
		{8FD1634B-3FD9-485A-80AC-FA51BC4645E0}.Release|x64.Build.0 = Release|x64
		{8FD1634B-3FD9-485A-80AC-FA51BC4645E0}.Release|x86.ActiveCfg = Release|x86
		{8FD1634B-3FD9-485A-80AC-FA51BC4645E0}.Release|x86.Build.0 = Release|x86
		{8B7D016A-4EF9-423B-8861-55A4EAB3AC3F}.Debug|Any CPU.ActiveCfg = Debug|Any CPU
		{8B7D016A-4EF9-423B-8861-55A4EAB3AC3F}.Debug|Any CPU.Build.0 = Debug|Any CPU
		{8B7D016A-4EF9-423B-8861-55A4EAB3AC3F}.Debug|Any CPU.Deploy.0 = Debug|Any CPU
		{8B7D016A-4EF9-423B-8861-55A4EAB3AC3F}.Debug|ARM.ActiveCfg = Debug|ARM
		{8B7D016A-4EF9-423B-8861-55A4EAB3AC3F}.Debug|ARM.Build.0 = Debug|ARM
		{8B7D016A-4EF9-423B-8861-55A4EAB3AC3F}.Debug|ARM.Deploy.0 = Debug|ARM
		{8B7D016A-4EF9-423B-8861-55A4EAB3AC3F}.Debug|x64.ActiveCfg = Debug|x64
		{8B7D016A-4EF9-423B-8861-55A4EAB3AC3F}.Debug|x64.Build.0 = Debug|x64
		{8B7D016A-4EF9-423B-8861-55A4EAB3AC3F}.Debug|x64.Deploy.0 = Debug|x64
		{8B7D016A-4EF9-423B-8861-55A4EAB3AC3F}.Debug|x86.ActiveCfg = Debug|x86
		{8B7D016A-4EF9-423B-8861-55A4EAB3AC3F}.Debug|x86.Build.0 = Debug|x86
		{8B7D016A-4EF9-423B-8861-55A4EAB3AC3F}.Debug|x86.Deploy.0 = Debug|x86
		{8B7D016A-4EF9-423B-8861-55A4EAB3AC3F}.Release|Any CPU.ActiveCfg = Release|Any CPU
		{8B7D016A-4EF9-423B-8861-55A4EAB3AC3F}.Release|Any CPU.Build.0 = Release|Any CPU
		{8B7D016A-4EF9-423B-8861-55A4EAB3AC3F}.Release|Any CPU.Deploy.0 = Release|Any CPU
		{8B7D016A-4EF9-423B-8861-55A4EAB3AC3F}.Release|ARM.ActiveCfg = Release|ARM
		{8B7D016A-4EF9-423B-8861-55A4EAB3AC3F}.Release|ARM.Build.0 = Release|ARM
		{8B7D016A-4EF9-423B-8861-55A4EAB3AC3F}.Release|ARM.Deploy.0 = Release|ARM
		{8B7D016A-4EF9-423B-8861-55A4EAB3AC3F}.Release|x64.ActiveCfg = Release|x64
		{8B7D016A-4EF9-423B-8861-55A4EAB3AC3F}.Release|x64.Build.0 = Release|x64
		{8B7D016A-4EF9-423B-8861-55A4EAB3AC3F}.Release|x64.Deploy.0 = Release|x64
		{8B7D016A-4EF9-423B-8861-55A4EAB3AC3F}.Release|x86.ActiveCfg = Release|x86
		{8B7D016A-4EF9-423B-8861-55A4EAB3AC3F}.Release|x86.Build.0 = Release|x86
		{8B7D016A-4EF9-423B-8861-55A4EAB3AC3F}.Release|x86.Deploy.0 = Release|x86
		{816E6DFC-B984-4CC6-A7F6-928E0090A19F}.Debug|Any CPU.ActiveCfg = Debug|Any CPU
		{816E6DFC-B984-4CC6-A7F6-928E0090A19F}.Debug|Any CPU.Build.0 = Debug|Any CPU
		{816E6DFC-B984-4CC6-A7F6-928E0090A19F}.Debug|Any CPU.Deploy.0 = Debug|Any CPU
		{816E6DFC-B984-4CC6-A7F6-928E0090A19F}.Debug|ARM.ActiveCfg = Debug|ARM
		{816E6DFC-B984-4CC6-A7F6-928E0090A19F}.Debug|ARM.Build.0 = Debug|ARM
		{816E6DFC-B984-4CC6-A7F6-928E0090A19F}.Debug|ARM.Deploy.0 = Debug|ARM
		{816E6DFC-B984-4CC6-A7F6-928E0090A19F}.Debug|x64.ActiveCfg = Debug|Any CPU
		{816E6DFC-B984-4CC6-A7F6-928E0090A19F}.Debug|x86.ActiveCfg = Debug|x86
		{816E6DFC-B984-4CC6-A7F6-928E0090A19F}.Debug|x86.Build.0 = Debug|x86
		{816E6DFC-B984-4CC6-A7F6-928E0090A19F}.Debug|x86.Deploy.0 = Debug|x86
		{816E6DFC-B984-4CC6-A7F6-928E0090A19F}.Release|Any CPU.ActiveCfg = Release|Any CPU
		{816E6DFC-B984-4CC6-A7F6-928E0090A19F}.Release|Any CPU.Build.0 = Release|Any CPU
		{816E6DFC-B984-4CC6-A7F6-928E0090A19F}.Release|Any CPU.Deploy.0 = Release|Any CPU
		{816E6DFC-B984-4CC6-A7F6-928E0090A19F}.Release|ARM.ActiveCfg = Release|ARM
		{816E6DFC-B984-4CC6-A7F6-928E0090A19F}.Release|ARM.Build.0 = Release|ARM
		{816E6DFC-B984-4CC6-A7F6-928E0090A19F}.Release|ARM.Deploy.0 = Release|ARM
		{816E6DFC-B984-4CC6-A7F6-928E0090A19F}.Release|x64.ActiveCfg = Release|Any CPU
		{816E6DFC-B984-4CC6-A7F6-928E0090A19F}.Release|x86.ActiveCfg = Release|x86
		{816E6DFC-B984-4CC6-A7F6-928E0090A19F}.Release|x86.Build.0 = Release|x86
		{816E6DFC-B984-4CC6-A7F6-928E0090A19F}.Release|x86.Deploy.0 = Release|x86
		{E6F9BE27-89E9-4FEB-9C76-6FD282B18FC6}.Debug|Any CPU.ActiveCfg = Debug|Any CPU
		{E6F9BE27-89E9-4FEB-9C76-6FD282B18FC6}.Debug|Any CPU.Build.0 = Debug|Any CPU
		{E6F9BE27-89E9-4FEB-9C76-6FD282B18FC6}.Debug|ARM.ActiveCfg = Debug|Any CPU
		{E6F9BE27-89E9-4FEB-9C76-6FD282B18FC6}.Debug|x64.ActiveCfg = Debug|Any CPU
		{E6F9BE27-89E9-4FEB-9C76-6FD282B18FC6}.Debug|x86.ActiveCfg = Debug|Any CPU
		{E6F9BE27-89E9-4FEB-9C76-6FD282B18FC6}.Release|Any CPU.ActiveCfg = Release|Any CPU
		{E6F9BE27-89E9-4FEB-9C76-6FD282B18FC6}.Release|Any CPU.Build.0 = Release|Any CPU
		{E6F9BE27-89E9-4FEB-9C76-6FD282B18FC6}.Release|ARM.ActiveCfg = Release|Any CPU
		{E6F9BE27-89E9-4FEB-9C76-6FD282B18FC6}.Release|x64.ActiveCfg = Release|Any CPU
		{E6F9BE27-89E9-4FEB-9C76-6FD282B18FC6}.Release|x86.ActiveCfg = Release|Any CPU
	EndGlobalSection
	GlobalSection(SolutionProperties) = preSolution
		HideSolutionNode = FALSE
	EndGlobalSection
	GlobalSection(NestedProjects) = preSolution
		{BBC9BA6C-A6D4-4528-9F40-5C5678974401} = {37625EC0-473F-425B-8C66-A5206BEFA7D5}
		{548A1B75-0059-4950-BA9C-ABD8A939A3FA} = {BBC9BA6C-A6D4-4528-9F40-5C5678974401}
		{8B7D016A-4EF9-423B-8861-55A4EAB3AC3F} = {BBC9BA6C-A6D4-4528-9F40-5C5678974401}
		{816E6DFC-B984-4CC6-A7F6-928E0090A19F} = {BBC9BA6C-A6D4-4528-9F40-5C5678974401}
	EndGlobalSection
EndGlobal
